
Microsoft Visual Studio Solution File, Format Version 12.00
Project("{FAE04EC0-301F-11D3-BF4B-00C04F79EFBC}") = "Coinbase.QuoteSource", "Coinbase.QuoteSource\Coinbase.QuoteSource.csproj", "{F1937CB6-F79C-4B8E-A533-660CC5F9916E}"
EndProject
Project("{FAE04EC0-301F-11D3-BF4B-00C04F79EFBC}") = "CoinbaseClient.Tests", "CoinbaseClient.Tests\CoinbaseClient.Tests.csproj", "{584F8233-D95F-4985-BE06-3DBC08F00208}"
EndProject
Project("{FAE04EC0-301F-11D3-BF4B-00C04F79EFBC}") = "CoinbasePro", "CoinbasePro\CoinbasePro.csproj", "{E37F6B2C-F53F-4BCF-BFF4-71967F3E1ED3}"
EndProject
Project("{FAE04EC0-301F-11D3-BF4B-00C04F79EFBC}") = "CoinbaseStreamRecording", "CoinbaseStreamRecording\CoinbaseStreamRecording.csproj", "{CEEFEAFD-7929-4151-875A-A0115521D9EC}"
EndProject
Project("{FAE04EC0-301F-11D3-BF4B-00C04F79EFBC}") = "Benchmarks", "Benchmarks\Benchmarks.csproj", "{5E81D188-B94F-4F5A-8577-653B1564EE5F}"
EndProject
Project("{FAE04EC0-301F-11D3-BF4B-00C04F79EFBC}") = "QuoteServer.OrderBook", "QuoteServer.OrderBook\QuoteServer.OrderBook.csproj", "{246A2969-DF22-445C-A7B1-A303F1E5F0B5}"
EndProject
Project("{FAE04EC0-301F-11D3-BF4B-00C04F79EFBC}") = "QuoteServer.GrpcApi", "QuoteServer.GrpcApi\QuoteServer.GrpcApi.csproj", "{71D427D0-55D5-4904-9AA1-ECAAFF6FAF6F}"
EndProject
Project("{FAE04EC0-301F-11D3-BF4B-00C04F79EFBC}") = "GrpcClient", "GrpcClient\GrpcClient.csproj", "{F23DF495-8C79-4C2E-BF93-6B3C4B264D74}"
EndProject
Project("{FAE04EC0-301F-11D3-BF4B-00C04F79EFBC}") = "QuoteServer.OrderBook.Tests", "QuoteServer.OrderBook.Tests\QuoteServer.OrderBook.Tests.csproj", "{391016E1-B094-4BCD-BE88-FC06EB26E6EF}"
EndProject
Project("{2150E333-8FDC-42A3-9474-1A3956D46DE8}") = "Tests", "Tests", "{1A0A8EF4-5F9F-42B1-AFA0-267A3DD6B8E4}"
EndProject
Project("{2150E333-8FDC-42A3-9474-1A3956D46DE8}") = "Coinbase", "Coinbase", "{64A6E1B9-889A-4C4D-BBD6-C0DFE47C7A25}"
EndProject
Project("{FAE04EC0-301F-11D3-BF4B-00C04F79EFBC}") = "TestsInfrastructureHelpers", "TestsInfrastructureHelpers\TestsInfrastructureHelpers.csproj", "{7582C49D-7F75-4873-9C9D-5326925B846A}"
EndProject
Global
	GlobalSection(SolutionConfigurationPlatforms) = preSolution
		Debug|Any CPU = Debug|Any CPU
		Release|Any CPU = Release|Any CPU
	EndGlobalSection
	GlobalSection(ProjectConfigurationPlatforms) = postSolution
		{F1937CB6-F79C-4B8E-A533-660CC5F9916E}.Debug|Any CPU.ActiveCfg = Debug|Any CPU
		{F1937CB6-F79C-4B8E-A533-660CC5F9916E}.Debug|Any CPU.Build.0 = Debug|Any CPU
		{F1937CB6-F79C-4B8E-A533-660CC5F9916E}.Release|Any CPU.ActiveCfg = Release|Any CPU
		{F1937CB6-F79C-4B8E-A533-660CC5F9916E}.Release|Any CPU.Build.0 = Release|Any CPU
		{584F8233-D95F-4985-BE06-3DBC08F00208}.Debug|Any CPU.ActiveCfg = Debug|Any CPU
		{584F8233-D95F-4985-BE06-3DBC08F00208}.Debug|Any CPU.Build.0 = Debug|Any CPU
		{584F8233-D95F-4985-BE06-3DBC08F00208}.Release|Any CPU.ActiveCfg = Release|Any CPU
		{584F8233-D95F-4985-BE06-3DBC08F00208}.Release|Any CPU.Build.0 = Release|Any CPU
		{E37F6B2C-F53F-4BCF-BFF4-71967F3E1ED3}.Debug|Any CPU.ActiveCfg = Debug|Any CPU
		{E37F6B2C-F53F-4BCF-BFF4-71967F3E1ED3}.Debug|Any CPU.Build.0 = Debug|Any CPU
		{E37F6B2C-F53F-4BCF-BFF4-71967F3E1ED3}.Release|Any CPU.ActiveCfg = Release|Any CPU
		{E37F6B2C-F53F-4BCF-BFF4-71967F3E1ED3}.Release|Any CPU.Build.0 = Release|Any CPU
		{CEEFEAFD-7929-4151-875A-A0115521D9EC}.Debug|Any CPU.ActiveCfg = Debug|Any CPU
		{CEEFEAFD-7929-4151-875A-A0115521D9EC}.Debug|Any CPU.Build.0 = Debug|Any CPU
		{CEEFEAFD-7929-4151-875A-A0115521D9EC}.Release|Any CPU.ActiveCfg = Release|Any CPU
		{CEEFEAFD-7929-4151-875A-A0115521D9EC}.Release|Any CPU.Build.0 = Release|Any CPU
		{5E81D188-B94F-4F5A-8577-653B1564EE5F}.Debug|Any CPU.ActiveCfg = Debug|Any CPU
		{5E81D188-B94F-4F5A-8577-653B1564EE5F}.Debug|Any CPU.Build.0 = Debug|Any CPU
		{5E81D188-B94F-4F5A-8577-653B1564EE5F}.Release|Any CPU.ActiveCfg = Release|Any CPU
		{5E81D188-B94F-4F5A-8577-653B1564EE5F}.Release|Any CPU.Build.0 = Release|Any CPU
		{246A2969-DF22-445C-A7B1-A303F1E5F0B5}.Debug|Any CPU.ActiveCfg = Debug|Any CPU
		{246A2969-DF22-445C-A7B1-A303F1E5F0B5}.Debug|Any CPU.Build.0 = Debug|Any CPU
		{246A2969-DF22-445C-A7B1-A303F1E5F0B5}.Release|Any CPU.ActiveCfg = Release|Any CPU
		{246A2969-DF22-445C-A7B1-A303F1E5F0B5}.Release|Any CPU.Build.0 = Release|Any CPU
		{71D427D0-55D5-4904-9AA1-ECAAFF6FAF6F}.Debug|Any CPU.ActiveCfg = Debug|Any CPU
		{71D427D0-55D5-4904-9AA1-ECAAFF6FAF6F}.Debug|Any CPU.Build.0 = Debug|Any CPU
		{71D427D0-55D5-4904-9AA1-ECAAFF6FAF6F}.Release|Any CPU.ActiveCfg = Release|Any CPU
		{71D427D0-55D5-4904-9AA1-ECAAFF6FAF6F}.Release|Any CPU.Build.0 = Release|Any CPU
		{F23DF495-8C79-4C2E-BF93-6B3C4B264D74}.Debug|Any CPU.ActiveCfg = Debug|Any CPU
		{F23DF495-8C79-4C2E-BF93-6B3C4B264D74}.Debug|Any CPU.Build.0 = Debug|Any CPU
		{F23DF495-8C79-4C2E-BF93-6B3C4B264D74}.Release|Any CPU.ActiveCfg = Release|Any CPU
		{F23DF495-8C79-4C2E-BF93-6B3C4B264D74}.Release|Any CPU.Build.0 = Release|Any CPU
		{391016E1-B094-4BCD-BE88-FC06EB26E6EF}.Debug|Any CPU.ActiveCfg = Debug|Any CPU
		{391016E1-B094-4BCD-BE88-FC06EB26E6EF}.Debug|Any CPU.Build.0 = Debug|Any CPU
		{391016E1-B094-4BCD-BE88-FC06EB26E6EF}.Release|Any CPU.ActiveCfg = Release|Any CPU
		{391016E1-B094-4BCD-BE88-FC06EB26E6EF}.Release|Any CPU.Build.0 = Release|Any CPU
		{7582C49D-7F75-4873-9C9D-5326925B846A}.Debug|Any CPU.ActiveCfg = Debug|Any CPU
		{7582C49D-7F75-4873-9C9D-5326925B846A}.Debug|Any CPU.Build.0 = Debug|Any CPU
		{7582C49D-7F75-4873-9C9D-5326925B846A}.Release|Any CPU.ActiveCfg = Release|Any CPU
		{7582C49D-7F75-4873-9C9D-5326925B846A}.Release|Any CPU.Build.0 = Release|Any CPU
	EndGlobalSection
	GlobalSection(NestedProjects) = preSolution
		{5E81D188-B94F-4F5A-8577-653B1564EE5F} = {1A0A8EF4-5F9F-42B1-AFA0-267A3DD6B8E4}
		{584F8233-D95F-4985-BE06-3DBC08F00208} = {1A0A8EF4-5F9F-42B1-AFA0-267A3DD6B8E4}
		{CEEFEAFD-7929-4151-875A-A0115521D9EC} = {1A0A8EF4-5F9F-42B1-AFA0-267A3DD6B8E4}
		{391016E1-B094-4BCD-BE88-FC06EB26E6EF} = {1A0A8EF4-5F9F-42B1-AFA0-267A3DD6B8E4}
		{F1937CB6-F79C-4B8E-A533-660CC5F9916E} = {64A6E1B9-889A-4C4D-BBD6-C0DFE47C7A25}
		{E37F6B2C-F53F-4BCF-BFF4-71967F3E1ED3} = {64A6E1B9-889A-4C4D-BBD6-C0DFE47C7A25}
		{7582C49D-7F75-4873-9C9D-5326925B846A} = {1A0A8EF4-5F9F-42B1-AFA0-267A3DD6B8E4}
		{F23DF495-8C79-4C2E-BF93-6B3C4B264D74} = {1A0A8EF4-5F9F-42B1-AFA0-267A3DD6B8E4}
	EndGlobalSection
EndGlobal
